// !$*UTF8*$!
{
	archiveVersion = 1;
	classes = {
	};
	objectVersion = 45;
	objects = {

/* Begin PBXBuildFile section */
		1D60589B0D05DD56006BFB54 /* main.m in Sources */ = {isa = PBXBuildFile; fileRef = 29B97316FDCFA39411CA2CEA /* main.m */; };
		1D60589F0D05DD5A006BFB54 /* Foundation.framework in Frameworks */ = {isa = PBXBuildFile; fileRef = 1D30AB110D05D00D00671497 /* Foundation.framework */; };
		1DF5F4E00D08C38300B7A737 /* UIKit.framework in Frameworks */ = {isa = PBXBuildFile; fileRef = 1DF5F4DF0D08C38300B7A737 /* UIKit.framework */; };
		288765080DF74369002DB57D /* CoreGraphics.framework in Frameworks */ = {isa = PBXBuildFile; fileRef = 288765070DF74369002DB57D /* CoreGraphics.framework */; };
		3A1EB0A20EACC69C00D8A655 /* Default.png in Resources */ = {isa = PBXBuildFile; fileRef = 3A1EB0A10EACC69C00D8A655 /* Default.png */; };
		3A276CAC0EA76B43007C5792 /* AddressBook.framework in Frameworks */ = {isa = PBXBuildFile; fileRef = 3A276CAA0EA76B43007C5792 /* AddressBook.framework */; };
		3A276CAD0EA76B43007C5792 /* AddressBookUI.framework in Frameworks */ = {isa = PBXBuildFile; fileRef = 3A276CAB0EA76B43007C5792 /* AddressBookUI.framework */; };
		3A7FF6DD0EA8654600D1298B /* Caller.xib in Resources */ = {isa = PBXBuildFile; fileRef = 3A7FF6DC0EA8654600D1298B /* Caller.xib */; };
		3A7FF6E00EA866A200D1298B /* caller-background.png in Resources */ = {isa = PBXBuildFile; fileRef = 3A7FF6DF0EA866A200D1298B /* caller-background.png */; };
		3A7FF6E30EA866EF00D1298B /* CallerViewController.m in Sources */ = {isa = PBXBuildFile; fileRef = 3A7FF6E20EA866EF00D1298B /* CallerViewController.m */; };
		3AD2DE700EA7587E00183C9F /* tel-0-pressed.png in Resources */ = {isa = PBXBuildFile; fileRef = 3AD2DE5E0EA7587E00183C9F /* tel-0-pressed.png */; };
		3AD2DE720EA7587E00183C9F /* tel-1-pressed.png in Resources */ = {isa = PBXBuildFile; fileRef = 3AD2DE600EA7587E00183C9F /* tel-1-pressed.png */; };
		3AD2DE730EA7587E00183C9F /* tel-2-pressed.png in Resources */ = {isa = PBXBuildFile; fileRef = 3AD2DE610EA7587E00183C9F /* tel-2-pressed.png */; };
		3AD2DE740EA7587E00183C9F /* tel-3-pressed.png in Resources */ = {isa = PBXBuildFile; fileRef = 3AD2DE620EA7587E00183C9F /* tel-3-pressed.png */; };
		3AD2DE750EA7587E00183C9F /* tel-4-pressed.png in Resources */ = {isa = PBXBuildFile; fileRef = 3AD2DE630EA7587E00183C9F /* tel-4-pressed.png */; };
		3AD2DE760EA7587E00183C9F /* tel-5-pressed.png in Resources */ = {isa = PBXBuildFile; fileRef = 3AD2DE640EA7587E00183C9F /* tel-5-pressed.png */; };
		3AD2DE770EA7587E00183C9F /* tel-6-pressed.png in Resources */ = {isa = PBXBuildFile; fileRef = 3AD2DE650EA7587E00183C9F /* tel-6-pressed.png */; };
		3AD2DE780EA7587E00183C9F /* tel-7-pressed.png in Resources */ = {isa = PBXBuildFile; fileRef = 3AD2DE660EA7587E00183C9F /* tel-7-pressed.png */; };
		3AD2DE790EA7587E00183C9F /* tel-8-pressed.png in Resources */ = {isa = PBXBuildFile; fileRef = 3AD2DE670EA7587E00183C9F /* tel-8-pressed.png */; };
		3AD2DE7A0EA7587E00183C9F /* tel-9-pressed.png in Resources */ = {isa = PBXBuildFile; fileRef = 3AD2DE680EA7587E00183C9F /* tel-9-pressed.png */; };
		3AD2DE7B0EA7587E00183C9F /* tel-back-pressed.png in Resources */ = {isa = PBXBuildFile; fileRef = 3AD2DE690EA7587E00183C9F /* tel-back-pressed.png */; };
		3AD2DE7C0EA7587E00183C9F /* tel-call-pressed.png in Resources */ = {isa = PBXBuildFile; fileRef = 3AD2DE6A0EA7587E00183C9F /* tel-call-pressed.png */; };
		3AD2DE7D0EA7587E00183C9F /* tel-numeral-pressed.png in Resources */ = {isa = PBXBuildFile; fileRef = 3AD2DE6B0EA7587E00183C9F /* tel-numeral-pressed.png */; };
		3AD2DE7E0EA7587E00183C9F /* tel-star-pressed.png in Resources */ = {isa = PBXBuildFile; fileRef = 3AD2DE6C0EA7587E00183C9F /* tel-star-pressed.png */; };
		3AD2DE7F0EA7587E00183C9F /* MainWindow.xib in Resources */ = {isa = PBXBuildFile; fileRef = 3AD2DE6E0EA7587E00183C9F /* MainWindow.xib */; };
		3AD2DE8C0EA75A6E00183C9F /* tel-normal.png in Resources */ = {isa = PBXBuildFile; fileRef = 3AD2DE8B0EA75A6E00183C9F /* tel-normal.png */; };
		3AD2DE940EA75D2B00183C9F /* Keypad.xib in Resources */ = {isa = PBXBuildFile; fileRef = 3AD2DE930EA75D2B00183C9F /* Keypad.xib */; };
		3AD2DE9B0EA75D8900183C9F /* KeypadAppDelegate.m in Sources */ = {isa = PBXBuildFile; fileRef = 3AD2DE990EA75D8900183C9F /* KeypadAppDelegate.m */; };
		3AD2DE9E0EA75D9E00183C9F /* KeypadViewController.m in Sources */ = {isa = PBXBuildFile; fileRef = 3AD2DE9D0EA75D9E00183C9F /* KeypadViewController.m */; };
		3AD2DED50EA763CF00183C9F /* tab-contacts.png in Resources */ = {isa = PBXBuildFile; fileRef = 3AD2DED40EA763CF00183C9F /* tab-contacts.png */; };
		3AD2DED80EA7640A00183C9F /* tab-keypad.png in Resources */ = {isa = PBXBuildFile; fileRef = 3AD2DED70EA7640A00183C9F /* tab-keypad.png */; };
		3AD589390EACD92E001F927C /* SoundEffect.m in Sources */ = {isa = PBXBuildFile; fileRef = 3AD589380EACD92E001F927C /* SoundEffect.m */; };
		3AD5893B0EACD99C001F927C /* AudioToolbox.framework in Frameworks */ = {isa = PBXBuildFile; fileRef = 3AD5893A0EACD99C001F927C /* AudioToolbox.framework */; };
		3AD589800EACE0D7001F927C /* 0.wav in Resources */ = {isa = PBXBuildFile; fileRef = 3AD589700EACE0D7001F927C /* 0.wav */; };
		3AD589810EACE0D7001F927C /* 1.wav in Resources */ = {isa = PBXBuildFile; fileRef = 3AD589710EACE0D7001F927C /* 1.wav */; };
		3AD589820EACE0D7001F927C /* 2.wav in Resources */ = {isa = PBXBuildFile; fileRef = 3AD589720EACE0D7001F927C /* 2.wav */; };
		3AD589830EACE0D7001F927C /* 3.wav in Resources */ = {isa = PBXBuildFile; fileRef = 3AD589730EACE0D7001F927C /* 3.wav */; };
		3AD589840EACE0D7001F927C /* 5.wav in Resources */ = {isa = PBXBuildFile; fileRef = 3AD589740EACE0D7001F927C /* 5.wav */; };
		3AD589850EACE0D7001F927C /* 6.wav in Resources */ = {isa = PBXBuildFile; fileRef = 3AD589750EACE0D7001F927C /* 6.wav */; };
		3AD589860EACE0D7001F927C /* 7.wav in Resources */ = {isa = PBXBuildFile; fileRef = 3AD589760EACE0D7001F927C /* 7.wav */; };
		3AD589870EACE0D7001F927C /* 8.wav in Resources */ = {isa = PBXBuildFile; fileRef = 3AD589770EACE0D7001F927C /* 8.wav */; };
		3AD589880EACE0D7001F927C /* 9.wav in Resources */ = {isa = PBXBuildFile; fileRef = 3AD589780EACE0D7001F927C /* 9.wav */; };
		3AD589890EACE0D7001F927C /* calling.wav in Resources */ = {isa = PBXBuildFile; fileRef = 3AD589790EACE0D7001F927C /* calling.wav */; };
		3AD5898A0EACE0D7001F927C /* numeral.wav in Resources */ = {isa = PBXBuildFile; fileRef = 3AD5897A0EACE0D7001F927C /* numeral.wav */; };
		3AD5898B0EACE0D7001F927C /* star.wav in Resources */ = {isa = PBXBuildFile; fileRef = 3AD5897B0EACE0D7001F927C /* star.wav */; };
		3AD5898C0EACE0D7001F927C /* tone1.wav in Resources */ = {isa = PBXBuildFile; fileRef = 3AD5897C0EACE0D7001F927C /* tone1.wav */; };
		3AD5898D0EACE0D7001F927C /* tone2.wav in Resources */ = {isa = PBXBuildFile; fileRef = 3AD5897D0EACE0D7001F927C /* tone2.wav */; };
		3AD5898E0EACE0D7001F927C /* tone3.wav in Resources */ = {isa = PBXBuildFile; fileRef = 3AD5897E0EACE0D7001F927C /* tone3.wav */; };
		3AD5898F0EACE0D7001F927C /* 4.wav in Resources */ = {isa = PBXBuildFile; fileRef = 3AD5897F0EACE0D7001F927C /* 4.wav */; };
		3AFEDA050EA8DE4B005A03B8 /* Icon.png in Resources */ = {isa = PBXBuildFile; fileRef = 3AFEDA040EA8DE4B005A03B8 /* Icon.png */; };
		3AFEDA0A0EA8DEFD005A03B8 /* Entitlements.plist in Resources */ = {isa = PBXBuildFile; fileRef = 3AFEDA090EA8DEFD005A03B8 /* Entitlements.plist */; };
/* End PBXBuildFile section */

/* Begin PBXFileReference section */
		1D30AB110D05D00D00671497 /* Foundation.framework */ = {isa = PBXFileReference; lastKnownFileType = wrapper.framework; name = Foundation.framework; path = System/Library/Frameworks/Foundation.framework; sourceTree = SDKROOT; };
		1D6058910D05DD3D006BFB54 /* Keypad.app */ = {isa = PBXFileReference; explicitFileType = wrapper.application; includeInIndex = 0; path = Keypad.app; sourceTree = BUILT_PRODUCTS_DIR; };
		1DF5F4DF0D08C38300B7A737 /* UIKit.framework */ = {isa = PBXFileReference; lastKnownFileType = wrapper.framework; name = UIKit.framework; path = System/Library/Frameworks/UIKit.framework; sourceTree = SDKROOT; };
		288765070DF74369002DB57D /* CoreGraphics.framework */ = {isa = PBXFileReference; lastKnownFileType = wrapper.framework; name = CoreGraphics.framework; path = System/Library/Frameworks/CoreGraphics.framework; sourceTree = SDKROOT; };
		28A0AB4B0D9B1048005BE974 /* Keypad_Prefix.pch */ = {isa = PBXFileReference; fileEncoding = 4; lastKnownFileType = sourcecode.c.h; path = Keypad_Prefix.pch; sourceTree = "<group>"; };
		29B97316FDCFA39411CA2CEA /* main.m */ = {isa = PBXFileReference; fileEncoding = 4; lastKnownFileType = sourcecode.c.objc; path = main.m; sourceTree = "<group>"; };
		3A1EB0A10EACC69C00D8A655 /* Default.png */ = {isa = PBXFileReference; lastKnownFileType = image.png; name = Default.png; path = ../Default.png; sourceTree = "<group>"; };
		3A276CAA0EA76B43007C5792 /* AddressBook.framework */ = {isa = PBXFileReference; lastKnownFileType = wrapper.framework; name = AddressBook.framework; path = System/Library/Frameworks/AddressBook.framework; sourceTree = SDKROOT; };
		3A276CAB0EA76B43007C5792 /* AddressBookUI.framework */ = {isa = PBXFileReference; lastKnownFileType = wrapper.framework; name = AddressBookUI.framework; path = System/Library/Frameworks/AddressBookUI.framework; sourceTree = SDKROOT; };
		3A7FF6DC0EA8654600D1298B /* Caller.xib */ = {isa = PBXFileReference; lastKnownFileType = file.xib; path = Caller.xib; sourceTree = "<group>"; };
		3A7FF6DF0EA866A200D1298B /* caller-background.png */ = {isa = PBXFileReference; lastKnownFileType = image.png; path = "caller-background.png"; sourceTree = "<group>"; };
		3A7FF6E10EA866EF00D1298B /* CallerViewController.h */ = {isa = PBXFileReference; fileEncoding = 4; lastKnownFileType = sourcecode.c.h; path = CallerViewController.h; sourceTree = "<group>"; };
		3A7FF6E20EA866EF00D1298B /* CallerViewController.m */ = {isa = PBXFileReference; fileEncoding = 4; lastKnownFileType = sourcecode.c.objc; path = CallerViewController.m; sourceTree = "<group>"; };
		3AD2DE5E0EA7587E00183C9F /* tel-0-pressed.png */ = {isa = PBXFileReference; lastKnownFileType = image.png; path = "tel-0-pressed.png"; sourceTree = "<group>"; };
		3AD2DE600EA7587E00183C9F /* tel-1-pressed.png */ = {isa = PBXFileReference; lastKnownFileType = image.png; path = "tel-1-pressed.png"; sourceTree = "<group>"; };
		3AD2DE610EA7587E00183C9F /* tel-2-pressed.png */ = {isa = PBXFileReference; lastKnownFileType = image.png; path = "tel-2-pressed.png"; sourceTree = "<group>"; };
		3AD2DE620EA7587E00183C9F /* tel-3-pressed.png */ = {isa = PBXFileReference; lastKnownFileType = image.png; path = "tel-3-pressed.png"; sourceTree = "<group>"; };
		3AD2DE630EA7587E00183C9F /* tel-4-pressed.png */ = {isa = PBXFileReference; lastKnownFileType = image.png; path = "tel-4-pressed.png"; sourceTree = "<group>"; };
		3AD2DE640EA7587E00183C9F /* tel-5-pressed.png */ = {isa = PBXFileReference; lastKnownFileType = image.png; path = "tel-5-pressed.png"; sourceTree = "<group>"; };
		3AD2DE650EA7587E00183C9F /* tel-6-pressed.png */ = {isa = PBXFileReference; lastKnownFileType = image.png; path = "tel-6-pressed.png"; sourceTree = "<group>"; };
		3AD2DE660EA7587E00183C9F /* tel-7-pressed.png */ = {isa = PBXFileReference; lastKnownFileType = image.png; path = "tel-7-pressed.png"; sourceTree = "<group>"; };
		3AD2DE670EA7587E00183C9F /* tel-8-pressed.png */ = {isa = PBXFileReference; lastKnownFileType = image.png; path = "tel-8-pressed.png"; sourceTree = "<group>"; };
		3AD2DE680EA7587E00183C9F /* tel-9-pressed.png */ = {isa = PBXFileReference; lastKnownFileType = image.png; path = "tel-9-pressed.png"; sourceTree = "<group>"; };
		3AD2DE690EA7587E00183C9F /* tel-back-pressed.png */ = {isa = PBXFileReference; lastKnownFileType = image.png; path = "tel-back-pressed.png"; sourceTree = "<group>"; };
		3AD2DE6A0EA7587E00183C9F /* tel-call-pressed.png */ = {isa = PBXFileReference; lastKnownFileType = image.png; path = "tel-call-pressed.png"; sourceTree = "<group>"; };
		3AD2DE6B0EA7587E00183C9F /* tel-numeral-pressed.png */ = {isa = PBXFileReference; lastKnownFileType = image.png; path = "tel-numeral-pressed.png"; sourceTree = "<group>"; };
		3AD2DE6C0EA7587E00183C9F /* tel-star-pressed.png */ = {isa = PBXFileReference; lastKnownFileType = image.png; path = "tel-star-pressed.png"; sourceTree = "<group>"; };
		3AD2DE6E0EA7587E00183C9F /* MainWindow.xib */ = {isa = PBXFileReference; lastKnownFileType = file.xib; path = MainWindow.xib; sourceTree = "<group>"; };
		3AD2DE8B0EA75A6E00183C9F /* tel-normal.png */ = {isa = PBXFileReference; lastKnownFileType = image.png; path = "tel-normal.png"; sourceTree = "<group>"; };
		3AD2DE930EA75D2B00183C9F /* Keypad.xib */ = {isa = PBXFileReference; lastKnownFileType = file.xib; path = Keypad.xib; sourceTree = "<group>"; };
		3AD2DE980EA75D8900183C9F /* KeypadAppDelegate.h */ = {isa = PBXFileReference; fileEncoding = 4; lastKnownFileType = sourcecode.c.h; path = KeypadAppDelegate.h; sourceTree = "<group>"; };
		3AD2DE990EA75D8900183C9F /* KeypadAppDelegate.m */ = {isa = PBXFileReference; fileEncoding = 4; lastKnownFileType = sourcecode.c.objc; path = KeypadAppDelegate.m; sourceTree = "<group>"; };
		3AD2DE9C0EA75D9E00183C9F /* KeypadViewController.h */ = {isa = PBXFileReference; fileEncoding = 4; lastKnownFileType = sourcecode.c.h; path = KeypadViewController.h; sourceTree = "<group>"; };
		3AD2DE9D0EA75D9E00183C9F /* KeypadViewController.m */ = {isa = PBXFileReference; fileEncoding = 4; lastKnownFileType = sourcecode.c.objc; path = KeypadViewController.m; sourceTree = "<group>"; };
		3AD2DED40EA763CF00183C9F /* tab-contacts.png */ = {isa = PBXFileReference; lastKnownFileType = image.png; path = "tab-contacts.png"; sourceTree = "<group>"; };
		3AD2DED70EA7640A00183C9F /* tab-keypad.png */ = {isa = PBXFileReference; lastKnownFileType = image.png; path = "tab-keypad.png"; sourceTree = "<group>"; };
		3AD589370EACD92E001F927C /* SoundEffect.h */ = {isa = PBXFileReference; fileEncoding = 4; lastKnownFileType = sourcecode.c.h; path = SoundEffect.h; sourceTree = "<group>"; };
		3AD589380EACD92E001F927C /* SoundEffect.m */ = {isa = PBXFileReference; fileEncoding = 4; lastKnownFileType = sourcecode.c.objc; path = SoundEffect.m; sourceTree = "<group>"; };
		3AD5893A0EACD99C001F927C /* AudioToolbox.framework */ = {isa = PBXFileReference; lastKnownFileType = wrapper.framework; name = AudioToolbox.framework; path = System/Library/Frameworks/AudioToolbox.framework; sourceTree = SDKROOT; };
		3AD589700EACE0D7001F927C /* 0.wav */ = {isa = PBXFileReference; lastKnownFileType = audio.wav; path = 0.wav; sourceTree = "<group>"; };
		3AD589710EACE0D7001F927C /* 1.wav */ = {isa = PBXFileReference; lastKnownFileType = audio.wav; path = 1.wav; sourceTree = "<group>"; };
		3AD589720EACE0D7001F927C /* 2.wav */ = {isa = PBXFileReference; lastKnownFileType = audio.wav; path = 2.wav; sourceTree = "<group>"; };
		3AD589730EACE0D7001F927C /* 3.wav */ = {isa = PBXFileReference; lastKnownFileType = audio.wav; path = 3.wav; sourceTree = "<group>"; };
		3AD589740EACE0D7001F927C /* 5.wav */ = {isa = PBXFileReference; lastKnownFileType = audio.wav; path = 5.wav; sourceTree = "<group>"; };
		3AD589750EACE0D7001F927C /* 6.wav */ = {isa = PBXFileReference; lastKnownFileType = audio.wav; path = 6.wav; sourceTree = "<group>"; };
		3AD589760EACE0D7001F927C /* 7.wav */ = {isa = PBXFileReference; lastKnownFileType = audio.wav; path = 7.wav; sourceTree = "<group>"; };
		3AD589770EACE0D7001F927C /* 8.wav */ = {isa = PBXFileReference; lastKnownFileType = audio.wav; path = 8.wav; sourceTree = "<group>"; };
		3AD589780EACE0D7001F927C /* 9.wav */ = {isa = PBXFileReference; lastKnownFileType = audio.wav; path = 9.wav; sourceTree = "<group>"; };
		3AD589790EACE0D7001F927C /* calling.wav */ = {isa = PBXFileReference; lastKnownFileType = audio.wav; path = calling.wav; sourceTree = "<group>"; };
		3AD5897A0EACE0D7001F927C /* numeral.wav */ = {isa = PBXFileReference; lastKnownFileType = audio.wav; path = numeral.wav; sourceTree = "<group>"; };
		3AD5897B0EACE0D7001F927C /* star.wav */ = {isa = PBXFileReference; lastKnownFileType = audio.wav; path = star.wav; sourceTree = "<group>"; };
		3AD5897C0EACE0D7001F927C /* tone1.wav */ = {isa = PBXFileReference; lastKnownFileType = audio.wav; path = tone1.wav; sourceTree = "<group>"; };
		3AD5897D0EACE0D7001F927C /* tone2.wav */ = {isa = PBXFileReference; lastKnownFileType = audio.wav; path = tone2.wav; sourceTree = "<group>"; };
		3AD5897E0EACE0D7001F927C /* tone3.wav */ = {isa = PBXFileReference; lastKnownFileType = audio.wav; path = tone3.wav; sourceTree = "<group>"; };
		3AD5897F0EACE0D7001F927C /* 4.wav */ = {isa = PBXFileReference; lastKnownFileType = audio.wav; path = 4.wav; sourceTree = "<group>"; };
		3AFEDA040EA8DE4B005A03B8 /* Icon.png */ = {isa = PBXFileReference; lastKnownFileType = image.png; path = Icon.png; sourceTree = "<group>"; };
		3AFEDA090EA8DEFD005A03B8 /* Entitlements.plist */ = {isa = PBXFileReference; fileEncoding = 4; lastKnownFileType = text.plist.xml; path = Entitlements.plist; sourceTree = "<group>"; };
		8D1107310486CEB800E47090 /* Info.plist */ = {isa = PBXFileReference; fileEncoding = 4; lastKnownFileType = text.plist.xml; path = Info.plist; sourceTree = "<group>"; };
/* End PBXFileReference section */

/* Begin PBXFrameworksBuildPhase section */
		1D60588F0D05DD3D006BFB54 /* Frameworks */ = {
			isa = PBXFrameworksBuildPhase;
			buildActionMask = 2147483647;
			files = (
				1D60589F0D05DD5A006BFB54 /* Foundation.framework in Frameworks */,
				1DF5F4E00D08C38300B7A737 /* UIKit.framework in Frameworks */,
				288765080DF74369002DB57D /* CoreGraphics.framework in Frameworks */,
				3A276CAC0EA76B43007C5792 /* AddressBook.framework in Frameworks */,
				3A276CAD0EA76B43007C5792 /* AddressBookUI.framework in Frameworks */,
				3AD5893B0EACD99C001F927C /* AudioToolbox.framework in Frameworks */,
			);
			runOnlyForDeploymentPostprocessing = 0;
		};
/* End PBXFrameworksBuildPhase section */

/* Begin PBXGroup section */
		19C28FACFE9D520D11CA2CBB /* Products */ = {
			isa = PBXGroup;
			children = (
				1D6058910D05DD3D006BFB54 /* Keypad.app */,
			);
			name = Products;
			sourceTree = "<group>";
		};
		29B97314FDCFA39411CA2CEA /* Keypad */ = {
			isa = PBXGroup;
			children = (
				8D1107310486CEB800E47090 /* Info.plist */,
				3AFEDA090EA8DEFD005A03B8 /* Entitlements.plist */,
				3AD2DE960EA75D8900183C9F /* Classes */,
				29B97315FDCFA39411CA2CEA /* Other Sources */,
				3AD2DE5C0EA7587E00183C9F /* Resources */,
				29B97323FDCFA39411CA2CEA /* Frameworks */,
				19C28FACFE9D520D11CA2CBB /* Products */,
			);
			name = Keypad;
			sourceTree = "<group>";
		};
		29B97315FDCFA39411CA2CEA /* Other Sources */ = {
			isa = PBXGroup;
			children = (
				28A0AB4B0D9B1048005BE974 /* Keypad_Prefix.pch */,
				29B97316FDCFA39411CA2CEA /* main.m */,
			);
			name = "Other Sources";
			sourceTree = "<group>";
		};
		29B97323FDCFA39411CA2CEA /* Frameworks */ = {
			isa = PBXGroup;
			children = (
				3AD5893A0EACD99C001F927C /* AudioToolbox.framework */,
				3A276CAA0EA76B43007C5792 /* AddressBook.framework */,
				3A276CAB0EA76B43007C5792 /* AddressBookUI.framework */,
				1DF5F4DF0D08C38300B7A737 /* UIKit.framework */,
				1D30AB110D05D00D00671497 /* Foundation.framework */,
				288765070DF74369002DB57D /* CoreGraphics.framework */,
			);
			name = Frameworks;
			sourceTree = "<group>";
		};
		3AD2DE5C0EA7587E00183C9F /* Resources */ = {
			isa = PBXGroup;
			children = (
				3AD5895E0EACDD66001F927C /* Sounds */,
				3AD2DE5D0EA7587E00183C9F /* Images */,
				3AD2DE6D0EA7587E00183C9F /* NIBs */,
			);
			path = Resources;
			sourceTree = "<group>";
		};
		3AD2DE5D0EA7587E00183C9F /* Images */ = {
			isa = PBXGroup;
			children = (
				3A1EB0A10EACC69C00D8A655 /* Default.png */,
				3AFEDA040EA8DE4B005A03B8 /* Icon.png */,
				3A7FF6DF0EA866A200D1298B /* caller-background.png */,
				3AD2DED70EA7640A00183C9F /* tab-keypad.png */,
				3AD2DED40EA763CF00183C9F /* tab-contacts.png */,
				3AD2DE8B0EA75A6E00183C9F /* tel-normal.png */,
				3AD2DE5E0EA7587E00183C9F /* tel-0-pressed.png */,
				3AD2DE600EA7587E00183C9F /* tel-1-pressed.png */,
				3AD2DE610EA7587E00183C9F /* tel-2-pressed.png */,
				3AD2DE620EA7587E00183C9F /* tel-3-pressed.png */,
				3AD2DE630EA7587E00183C9F /* tel-4-pressed.png */,
				3AD2DE640EA7587E00183C9F /* tel-5-pressed.png */,
				3AD2DE650EA7587E00183C9F /* tel-6-pressed.png */,
				3AD2DE660EA7587E00183C9F /* tel-7-pressed.png */,
				3AD2DE670EA7587E00183C9F /* tel-8-pressed.png */,
				3AD2DE680EA7587E00183C9F /* tel-9-pressed.png */,
				3AD2DE690EA7587E00183C9F /* tel-back-pressed.png */,
				3AD2DE6A0EA7587E00183C9F /* tel-call-pressed.png */,
				3AD2DE6B0EA7587E00183C9F /* tel-numeral-pressed.png */,
				3AD2DE6C0EA7587E00183C9F /* tel-star-pressed.png */,
			);
			path = Images;
			sourceTree = "<group>";
		};
		3AD2DE6D0EA7587E00183C9F /* NIBs */ = {
			isa = PBXGroup;
			children = (
				3AD2DE6E0EA7587E00183C9F /* MainWindow.xib */,
				3AD2DE930EA75D2B00183C9F /* Keypad.xib */,
				3A7FF6DC0EA8654600D1298B /* Caller.xib */,
			);
			path = NIBs;
			sourceTree = "<group>";
		};
		3AD2DE960EA75D8900183C9F /* Classes */ = {
			isa = PBXGroup;
			children = (
				3AD2DE970EA75D8900183C9F /* App Delegate */,
				3AD2DE9A0EA75D8900183C9F /* Controllers */,
			);
			path = Classes;
			sourceTree = "<group>";
		};
		3AD2DE970EA75D8900183C9F /* App Delegate */ = {
			isa = PBXGroup;
			children = (
				3AD2DE980EA75D8900183C9F /* KeypadAppDelegate.h */,
				3AD2DE990EA75D8900183C9F /* KeypadAppDelegate.m */,
			);
			path = "App Delegate";
			sourceTree = "<group>";
		};
		3AD2DE9A0EA75D8900183C9F /* Controllers */ = {
			isa = PBXGroup;
			children = (
				3AD2DE9C0EA75D9E00183C9F /* KeypadViewController.h */,
				3AD2DE9D0EA75D9E00183C9F /* KeypadViewController.m */,
				3A7FF6E10EA866EF00D1298B /* CallerViewController.h */,
				3A7FF6E20EA866EF00D1298B /* CallerViewController.m */,
				3AD589370EACD92E001F927C /* SoundEffect.h */,
				3AD589380EACD92E001F927C /* SoundEffect.m */,
			);
			path = Controllers;
			sourceTree = "<group>";
		};
		3AD5895E0EACDD66001F927C /* Sounds */ = {
			isa = PBXGroup;
			children = (
				3AD589700EACE0D7001F927C /* 0.wav */,
				3AD589710EACE0D7001F927C /* 1.wav */,
				3AD589720EACE0D7001F927C /* 2.wav */,
				3AD589730EACE0D7001F927C /* 3.wav */,
				3AD5897F0EACE0D7001F927C /* 4.wav */,
				3AD589740EACE0D7001F927C /* 5.wav */,
				3AD589750EACE0D7001F927C /* 6.wav */,
				3AD589760EACE0D7001F927C /* 7.wav */,
				3AD589770EACE0D7001F927C /* 8.wav */,
				3AD589780EACE0D7001F927C /* 9.wav */,
				3AD589790EACE0D7001F927C /* calling.wav */,
				3AD5897A0EACE0D7001F927C /* numeral.wav */,
				3AD5897B0EACE0D7001F927C /* star.wav */,
				3AD5897C0EACE0D7001F927C /* tone1.wav */,
				3AD5897D0EACE0D7001F927C /* tone2.wav */,
				3AD5897E0EACE0D7001F927C /* tone3.wav */,
			);
			path = Sounds;
			sourceTree = "<group>";
		};
/* End PBXGroup section */

/* Begin PBXNativeTarget section */
		1D6058900D05DD3D006BFB54 /* Keypad */ = {
			isa = PBXNativeTarget;
			buildConfigurationList = 1D6058960D05DD3E006BFB54 /* Build configuration list for PBXNativeTarget "Keypad" */;
			buildPhases = (
				1D60588D0D05DD3D006BFB54 /* Resources */,
				1D60588E0D05DD3D006BFB54 /* Sources */,
				1D60588F0D05DD3D006BFB54 /* Frameworks */,
			);
			buildRules = (
			);
			dependencies = (
			);
			name = Keypad;
			productName = Keypad;
			productReference = 1D6058910D05DD3D006BFB54 /* Keypad.app */;
			productType = "com.apple.product-type.application";
		};
/* End PBXNativeTarget section */

/* Begin PBXProject section */
		29B97313FDCFA39411CA2CEA /* Project object */ = {
			isa = PBXProject;
			buildConfigurationList = C01FCF4E08A954540054247B /* Build configuration list for PBXProject "Keypad" */;
			compatibilityVersion = "Xcode 3.1";
			hasScannedForEncodings = 1;
			mainGroup = 29B97314FDCFA39411CA2CEA /* Keypad */;
			projectDirPath = "";
			projectRoot = "";
			targets = (
				1D6058900D05DD3D006BFB54 /* Keypad */,
			);
		};
/* End PBXProject section */

/* Begin PBXResourcesBuildPhase section */
		1D60588D0D05DD3D006BFB54 /* Resources */ = {
			isa = PBXResourcesBuildPhase;
			buildActionMask = 2147483647;
			files = (
				3AD2DE700EA7587E00183C9F /* tel-0-pressed.png in Resources */,
				3AD2DE720EA7587E00183C9F /* tel-1-pressed.png in Resources */,
				3AD2DE730EA7587E00183C9F /* tel-2-pressed.png in Resources */,
				3AD2DE740EA7587E00183C9F /* tel-3-pressed.png in Resources */,
				3AD2DE750EA7587E00183C9F /* tel-4-pressed.png in Resources */,
				3AD2DE760EA7587E00183C9F /* tel-5-pressed.png in Resources */,
				3AD2DE770EA7587E00183C9F /* tel-6-pressed.png in Resources */,
				3AD2DE780EA7587E00183C9F /* tel-7-pressed.png in Resources */,
				3AD2DE790EA7587E00183C9F /* tel-8-pressed.png in Resources */,
				3AD2DE7A0EA7587E00183C9F /* tel-9-pressed.png in Resources */,
				3AD2DE7B0EA7587E00183C9F /* tel-back-pressed.png in Resources */,
				3AD2DE7C0EA7587E00183C9F /* tel-call-pressed.png in Resources */,
				3AD2DE7D0EA7587E00183C9F /* tel-numeral-pressed.png in Resources */,
				3AD2DE7E0EA7587E00183C9F /* tel-star-pressed.png in Resources */,
				3AD2DE7F0EA7587E00183C9F /* MainWindow.xib in Resources */,
				3AD2DE8C0EA75A6E00183C9F /* tel-normal.png in Resources */,
				3AD2DE940EA75D2B00183C9F /* Keypad.xib in Resources */,
				3AD2DED50EA763CF00183C9F /* tab-contacts.png in Resources */,
				3AD2DED80EA7640A00183C9F /* tab-keypad.png in Resources */,
				3A7FF6DD0EA8654600D1298B /* Caller.xib in Resources */,
				3A7FF6E00EA866A200D1298B /* caller-background.png in Resources */,
				3AFEDA050EA8DE4B005A03B8 /* Icon.png in Resources */,
				3AFEDA0A0EA8DEFD005A03B8 /* Entitlements.plist in Resources */,
				3A1EB0A20EACC69C00D8A655 /* Default.png in Resources */,
				3AD589800EACE0D7001F927C /* 0.wav in Resources */,
				3AD589810EACE0D7001F927C /* 1.wav in Resources */,
				3AD589820EACE0D7001F927C /* 2.wav in Resources */,
				3AD589830EACE0D7001F927C /* 3.wav in Resources */,
				3AD589840EACE0D7001F927C /* 5.wav in Resources */,
				3AD589850EACE0D7001F927C /* 6.wav in Resources */,
				3AD589860EACE0D7001F927C /* 7.wav in Resources */,
				3AD589870EACE0D7001F927C /* 8.wav in Resources */,
				3AD589880EACE0D7001F927C /* 9.wav in Resources */,
				3AD589890EACE0D7001F927C /* calling.wav in Resources */,
				3AD5898A0EACE0D7001F927C /* numeral.wav in Resources */,
				3AD5898B0EACE0D7001F927C /* star.wav in Resources */,
				3AD5898C0EACE0D7001F927C /* tone1.wav in Resources */,
				3AD5898D0EACE0D7001F927C /* tone2.wav in Resources */,
				3AD5898E0EACE0D7001F927C /* tone3.wav in Resources */,
				3AD5898F0EACE0D7001F927C /* 4.wav in Resources */,
			);
			runOnlyForDeploymentPostprocessing = 0;
		};
/* End PBXResourcesBuildPhase section */

/* Begin PBXSourcesBuildPhase section */
		1D60588E0D05DD3D006BFB54 /* Sources */ = {
			isa = PBXSourcesBuildPhase;
			buildActionMask = 2147483647;
			files = (
				1D60589B0D05DD56006BFB54 /* main.m in Sources */,
				3AD2DE9B0EA75D8900183C9F /* KeypadAppDelegate.m in Sources */,
				3AD2DE9E0EA75D9E00183C9F /* KeypadViewController.m in Sources */,
				3A7FF6E30EA866EF00D1298B /* CallerViewController.m in Sources */,
				3AD589390EACD92E001F927C /* SoundEffect.m in Sources */,
			);
			runOnlyForDeploymentPostprocessing = 0;
		};
/* End PBXSourcesBuildPhase section */

/* Begin XCBuildConfiguration section */
		1D6058940D05DD3E006BFB54 /* Debug */ = {
			isa = XCBuildConfiguration;
			buildSettings = {
				ALWAYS_SEARCH_USER_PATHS = NO;
				"CODE_SIGN_IDENTITY[sdk=iphoneos*]" = "iPhone Developer: Adrian Kosmaczewski";
				COPY_PHASE_STRIP = NO;
				GCC_DYNAMIC_NO_PIC = NO;
				GCC_OPTIMIZATION_LEVEL = 0;
				GCC_PRECOMPILE_PREFIX_HEADER = YES;
				GCC_PREFIX_HEADER = Keypad_Prefix.pch;
				INFOPLIST_FILE = Info.plist;
				PRODUCT_NAME = Keypad;
				"PROVISIONING_PROFILE[sdk=iphoneos*]" = "1FE9568C-C082-4FBE-A0A7-D376071E94E7";
				SDKROOT = iphoneos2.0;
			};
			name = Debug;
		};
		1D6058950D05DD3E006BFB54 /* Release */ = {
			isa = XCBuildConfiguration;
			buildSettings = {
				ALWAYS_SEARCH_USER_PATHS = NO;
				CODE_SIGN_ENTITLEMENTS = "";
				"CODE_SIGN_IDENTITY[sdk=iphoneos*]" = "";
				COPY_PHASE_STRIP = YES;
				GCC_PRECOMPILE_PREFIX_HEADER = YES;
				GCC_PREFIX_HEADER = Keypad_Prefix.pch;
				INFOPLIST_FILE = Info.plist;
				PRODUCT_NAME = Keypad;
				SDKROOT = iphoneos2.0;
			};
			name = Release;
		};
		3A92C8B30EA8DF5000709813 /* Distribution */ = {
			isa = XCBuildConfiguration;
			buildSettings = {
				ARCHS = "$(ARCHS_STANDARD_32_BIT)";
				"CODE_SIGN_IDENTITY[sdk=iphoneos*]" = "iPhone Developer";
				GCC_C_LANGUAGE_STANDARD = c99;
				GCC_WARN_ABOUT_RETURN_TYPE = YES;
				GCC_WARN_UNUSED_VARIABLE = YES;
				PREBINDING = NO;
				SDKROOT = iphoneos2.1;
			};
			name = Distribution;
		};
		3A92C8B40EA8DF5000709813 /* Distribution */ = {
			isa = XCBuildConfiguration;
			buildSettings = {
				ALWAYS_SEARCH_USER_PATHS = NO;
				CODE_SIGN_ENTITLEMENTS = Entitlements.plist;
				"CODE_SIGN_IDENTITY[sdk=iphoneos*]" = "iPhone Distribution: Adrian Kosmaczewski";
				COPY_PHASE_STRIP = YES;
				GCC_PRECOMPILE_PREFIX_HEADER = YES;
				GCC_PREFIX_HEADER = Keypad_Prefix.pch;
				INFOPLIST_FILE = Info.plist;
				PRODUCT_NAME = Keypad;
				"PROVISIONING_PROFILE[sdk=iphoneos*]" = "B338C731-051D-45E6-B331-58ED258D39C8";
				SDKROOT = iphoneos2.0;
			};
			name = Distribution;
		};
		C01FCF4F08A954540054247B /* Debug */ = {
			isa = XCBuildConfiguration;
			buildSettings = {
				ARCHS = "$(ARCHS_STANDARD_32_BIT)";
				"CODE_SIGN_IDENTITY[sdk=iphoneos*]" = "iPhone Developer";
				GCC_C_LANGUAGE_STANDARD = c99;
				GCC_WARN_ABOUT_RETURN_TYPE = YES;
				GCC_WARN_UNUSED_VARIABLE = YES;
				ONLY_ACTIVE_ARCH = YES;
				PREBINDING = NO;
				SDKROOT = iphoneos2.1;
			};
			name = Debug;
		};
		C01FCF5008A954540054247B /* Release */ = {
			isa = XCBuildConfiguration;
			buildSettings = {
				ARCHS = "$(ARCHS_STANDARD_32_BIT)";
				"CODE_SIGN_IDENTITY[sdk=iphoneos*]" = "iPhone Developer";
				GCC_C_LANGUAGE_STANDARD = c99;
				GCC_WARN_ABOUT_RETURN_TYPE = YES;
				GCC_WARN_UNUSED_VARIABLE = YES;
				PREBINDING = NO;
				SDKROOT = iphoneos2.1;
			};
			name = Release;
		};
/* End XCBuildConfiguration section */

/* Begin XCConfigurationList section */
		1D6058960D05DD3E006BFB54 /* Build configuration list for PBXNativeTarget "Keypad" */ = {
			isa = XCConfigurationList;
			buildConfigurations = (
				1D6058940D05DD3E006BFB54 /* Debug */,
				1D6058950D05DD3E006BFB54 /* Release */,
				3A92C8B40EA8DF5000709813 /* Distribution */,
			);
			defaultConfigurationIsVisible = 0;
			defaultConfigurationName = Release;
		};
		C01FCF4E08A954540054247B /* Build configuration list for PBXProject "Keypad" */ = {
			isa = XCConfigurationList;
			buildConfigurations = (
				C01FCF4F08A954540054247B /* Debug */,
				C01FCF5008A954540054247B /* Release */,
				3A92C8B30EA8DF5000709813 /* Distribution */,
			);
			defaultConfigurationIsVisible = 0;
			defaultConfigurationName = Release;
		};
/* End XCConfigurationList section */
	};
	rootObject = 29B97313FDCFA39411CA2CEA /* Project object */;
}
